
Microsoft Visual Studio Solution File, Format Version 11.00
# Visual Studio 2010
Project("{FAE04EC0-301F-11D3-BF4B-00C04F79EFBC}") = "MaterialAdvertisement", "MaterialAdvertisement\MaterialAdvertisement.csproj", "{FFC366BE-58E3-430D-9583-6DE75D4655A1}"
EndProject
Global
	GlobalSection(SolutionConfigurationPlatforms) = preSolution
		Debug|Any CPU = Debug|Any CPU
		Release|Any CPU = Release|Any CPU
	EndGlobalSection
	GlobalSection(ProjectConfigurationPlatforms) = postSolution
		{FFC366BE-58E3-430D-9583-6DE75D4655A1}.Debug|Any CPU.ActiveCfg = Debug|Any CPU
		{FFC366BE-58E3-430D-9583-6DE75D4655A1}.Debug|Any CPU.Build.0 = Debug|Any CPU
		{FFC366BE-58E3-430D-9583-6DE75D4655A1}.Release|Any CPU.ActiveCfg = Release|Any CPU
		{FFC366BE-58E3-430D-9583-6DE75D4655A1}.Release|Any CPU.Build.0 = Release|Any CPU
	EndGlobalSection
	GlobalSection(SolutionProperties) = preSolution
		HideSolutionNode = FALSE
	EndGlobalSection
EndGlobal
